
Microsoft Visual Studio Solution File, Format Version 12.00
# Visual Studio Version 17
VisualStudioVersion = 17.8.34525.116
MinimumVisualStudioVersion = 10.0.40219.1
Project("{2150E333-8FDC-42A3-9474-1A3956D46DE8}") = "src", "src", "{BFF55654-AFAE-4094-AFD4-F520BC887F1D}"
EndProject
Project("{2150E333-8FDC-42A3-9474-1A3956D46DE8}") = "Tests", "Tests", "{49C7B0A7-F765-4071-91DF-6B20872A30DF}"
EndProject
Project("{9A19103F-16F7-4668-BE54-9A1E7A4F7556}") = "RocketseatAuction.API", "src\RocketseatAuction.API\RocketseatAuction.API.csproj", "{99266CE1-D046-468A-8AE2-8CB990CA46AF}"
EndProject
Project("{FAE04EC0-301F-11D3-BF4B-00C04F79EFBC}") = "UseCases.Test", "Tests\UseCases.Test\UseCases.Test.csproj", "{FF19171C-ECD6-42C4-AD9C-C24F4B568D10}"
EndProject
Global
	GlobalSection(SolutionConfigurationPlatforms) = preSolution
		Debug|Any CPU = Debug|Any CPU
		Release|Any CPU = Release|Any CPU
	EndGlobalSection
	GlobalSection(ProjectConfigurationPlatforms) = postSolution
		{99266CE1-D046-468A-8AE2-8CB990CA46AF}.Debug|Any CPU.ActiveCfg = Debug|Any CPU
		{99266CE1-D046-468A-8AE2-8CB990CA46AF}.Debug|Any CPU.Build.0 = Debug|Any CPU
		{99266CE1-D046-468A-8AE2-8CB990CA46AF}.Release|Any CPU.ActiveCfg = Release|Any CPU
		{99266CE1-D046-468A-8AE2-8CB990CA46AF}.Release|Any CPU.Build.0 = Release|Any CPU
		{FF19171C-ECD6-42C4-AD9C-C24F4B568D10}.Debug|Any CPU.ActiveCfg = Debug|Any CPU
		{FF19171C-ECD6-42C4-AD9C-C24F4B568D10}.Debug|Any CPU.Build.0 = Debug|Any CPU
		{FF19171C-ECD6-42C4-AD9C-C24F4B568D10}.Release|Any CPU.ActiveCfg = Release|Any CPU
		{FF19171C-ECD6-42C4-AD9C-C24F4B568D10}.Release|Any CPU.Build.0 = Release|Any CPU
	EndGlobalSection
	GlobalSection(SolutionProperties) = preSolution
		HideSolutionNode = FALSE
	EndGlobalSection
	GlobalSection(NestedProjects) = preSolution
		{99266CE1-D046-468A-8AE2-8CB990CA46AF} = {BFF55654-AFAE-4094-AFD4-F520BC887F1D}
		{FF19171C-ECD6-42C4-AD9C-C24F4B568D10} = {49C7B0A7-F765-4071-91DF-6B20872A30DF}
	EndGlobalSection
	GlobalSection(ExtensibilityGlobals) = postSolution
		SolutionGuid = {993ED2BD-7AB5-4570-8810-7E867A3F4DCC}
	EndGlobalSection
EndGlobal
